PODS:
  - IQKeyboardManagerSwift (6.0.2)
  - Starscream (3.0.5)

DEPENDENCIES:
  - IQKeyboardManagerSwift
  - Starscream

SPEC REPOS:
  https://github.com/CocoaPods/Specs.git:
    - IQKeyboardManagerSwift
    - Starscream

SPEC CHECKSUMS:
  IQKeyboardManagerSwift: 59d4b0e140bc546c3c76ae5bb35b3dafd10b8172
  Starscream: faf918b2f2eff7d5dd21180646bf015a669673bd

PODFILE CHECKSUM: 1bc9b93e7abf0550d946e4648cafe0ed7b6cc34b

COCOAPODS: 1.5.0
